// !$*UTF8*$!
{
	archiveVersion = 1;
	classes = {
	};
	objectVersion = 48;
	objects = {

/* Begin PBXBuildFile section */
		11797E36207D4532006672BB /* DataModel.xcdatamodeld in Sources */ = {isa = PBXBuildFile; fileRef = 11797E34207D4532006672BB /* DataModel.xcdatamodeld */; };
		11797E592082497D006672BB /* CategoryViewController.swift in Sources */ = {isa = PBXBuildFile; fileRef = 11797E582082497D006672BB /* CategoryViewController.swift */; };
		117DF876206D266D009791A4 /* AppDelegate.swift in Sources */ = {isa = PBXBuildFile; fileRef = 117DF875206D266D009791A4 /* AppDelegate.swift */; };
		117DF878206D266D009791A4 /* ToDoListViewController.swift in Sources */ = {isa = PBXBuildFile; fileRef = 117DF877206D266D009791A4 /* ToDoListViewController.swift */; };
		117DF87B206D266D009791A4 /* Main.storyboard in Resources */ = {isa = PBXBuildFile; fileRef = 117DF879206D266D009791A4 /* Main.storyboard */; };
		117DF87D206D266D009791A4 /* Assets.xcassets in Resources */ = {isa = PBXBuildFile; fileRef = 117DF87C206D266D009791A4 /* Assets.xcassets */; };
		117DF880206D266D009791A4 /* LaunchScreen.storyboard in Resources */ = {isa = PBXBuildFile; fileRef = 117DF87E206D266D009791A4 /* LaunchScreen.storyboard */; };
/* End PBXBuildFile section */

/* Begin PBXFileReference section */
		11797E35207D4532006672BB /* DataModel.xcdatamodel */ = {isa = PBXFileReference; lastKnownFileType = wrapper.xcdatamodel; path = DataModel.xcdatamodel; sourceTree = "<group>"; };
		11797E582082497D006672BB /* CategoryViewController.swift */ = {isa = PBXFileReference; lastKnownFileType = sourcecode.swift; path = CategoryViewController.swift; sourceTree = "<group>"; };
		117DF872206D266D009791A4 /* Assessments.app */ = {isa = PBXFileReference; explicitFileType = wrapper.application; includeInIndex = 0; path = Assessments.app; sourceTree = BUILT_PRODUCTS_DIR; };
		117DF875206D266D009791A4 /* AppDelegate.swift */ = {isa = PBXFileReference; lastKnownFileType = sourcecode.swift; path = AppDelegate.swift; sourceTree = "<group>"; };
		117DF877206D266D009791A4 /* ToDoListViewController.swift */ = {isa = PBXFileReference; lastKnownFileType = sourcecode.swift; path = ToDoListViewController.swift; sourceTree = "<group>"; };
		117DF87A206D266D009791A4 /* Base */ = {isa = PBXFileReference; lastKnownFileType = file.storyboard; name = Base; path = Base.lproj/Main.storyboard; sourceTree = "<group>"; };
		117DF87C206D266D009791A4 /* Assets.xcassets */ = {isa = PBXFileReference; lastKnownFileType = folder.assetcatalog; path = Assets.xcassets; sourceTree = "<group>"; };
		117DF87F206D266D009791A4 /* Base */ = {isa = PBXFileReference; lastKnownFileType = file.storyboard; name = Base; path = Base.lproj/LaunchScreen.storyboard; sourceTree = "<group>"; };
		117DF881206D266D009791A4 /* Info.plist */ = {isa = PBXFileReference; lastKnownFileType = text.plist.xml; path = Info.plist; sourceTree = "<group>"; };
/* End PBXFileReference section */

/* Begin PBXFrameworksBuildPhase section */
		117DF86F206D266D009791A4 /* Frameworks */ = {
			isa = PBXFrameworksBuildPhase;
			buildActionMask = 2147483647;
			files = (
			);
			runOnlyForDeploymentPostprocessing = 0;
		};
/* End PBXFrameworksBuildPhase section */

/* Begin PBXGroup section */
		117DF869206D266D009791A4 = {
			isa = PBXGroup;
			children = (
				117DF874206D266D009791A4 /* Assessments */,
				117DF873206D266D009791A4 /* Products */,
			);
			sourceTree = "<group>";
		};
		117DF873206D266D009791A4 /* Products */ = {
			isa = PBXGroup;
			children = (
				117DF872206D266D009791A4 /* Assessments.app */,
			);
			name = Products;
			sourceTree = "<group>";
		};
		117DF874206D266D009791A4 /* Assessments */ = {
			isa = PBXGroup;
			children = (
				117DF875206D266D009791A4 /* AppDelegate.swift */,
				117DF88A20710D95009791A4 /* Controllers */,
				117DF88920710D86009791A4 /* Data model */,
				117DF88C20710DB4009791A4 /* Views */,
				117DF88B20710DA8009791A4 /* supporting Files */,
				117DF881206D266D009791A4 /* Info.plist */,
			);
			path = Assessments;
			sourceTree = "<group>";
		};
		117DF88920710D86009791A4 /* Data model */ = {
			isa = PBXGroup;
			children = (
				11797E34207D4532006672BB /* DataModel.xcdatamodeld */,
			);
			path = "Data model";
			sourceTree = "<group>";
		};
		117DF88A20710D95009791A4 /* Controllers */ = {
			isa = PBXGroup;
			children = (
				11797E582082497D006672BB /* CategoryViewController.swift */,
				117DF877206D266D009791A4 /* ToDoListViewController.swift */,
			);
			path = Controllers;
			sourceTree = "<group>";
		};
		117DF88B20710DA8009791A4 /* supporting Files */ = {
			isa = PBXGroup;
			children = (
				117DF87C206D266D009791A4 /* Assets.xcassets */,
				117DF87E206D266D009791A4 /* LaunchScreen.storyboard */,
			);
			path = "supporting Files";
			sourceTree = "<group>";
		};
		117DF88C20710DB4009791A4 /* Views */ = {
			isa = PBXGroup;
			children = (
				117DF879206D266D009791A4 /* Main.storyboard */,
			);
			path = Views;
			sourceTree = "<group>";
		};
/* End PBXGroup section */

/* Begin PBXNativeTarget section */
		117DF871206D266D009791A4 /* Assessments */ = {
			isa = PBXNativeTarget;
			buildConfigurationList = 117DF884206D266D009791A4 /* Build configuration list for PBXNativeTarget "Assessments" */;
			buildPhases = (
				117DF86E206D266D009791A4 /* Sources */,
				117DF86F206D266D009791A4 /* Frameworks */,
				117DF870206D266D009791A4 /* Resources */,
			);
			buildRules = (
			);
			dependencies = (
			);
			name = Assessments;
			productName = Assessments;
			productReference = 117DF872206D266D009791A4 /* Assessments.app */;
			productType = "com.apple.product-type.application";
		};
/* End PBXNativeTarget section */

/* Begin PBXProject section */
		117DF86A206D266D009791A4 /* Project object */ = {
			isa = PBXProject;
			attributes = {
				LastSwiftUpdateCheck = 0920;
				LastUpgradeCheck = 0920;
				ORGANIZATIONNAME = "matthew knowles";
				TargetAttributes = {
					117DF871206D266D009791A4 = {
						CreatedOnToolsVersion = 9.2;
						ProvisioningStyle = Automatic;
					};
				};
			};
			buildConfigurationList = 117DF86D206D266D009791A4 /* Build configuration list for PBXProject "Assessments" */;
			compatibilityVersion = "Xcode 8.0";
			developmentRegion = en;
			hasScannedForEncodings = 0;
			knownRegions = (
				en,
				Base,
			);
			mainGroup = 117DF869206D266D009791A4;
			productRefGroup = 117DF873206D266D009791A4 /* Products */;
			projectDirPath = "";
			projectRoot = "";
			targets = (
				117DF871206D266D009791A4 /* Assessments */,
			);
		};
/* End PBXProject section */

/* Begin PBXResourcesBuildPhase section */
		117DF870206D266D009791A4 /* Resources */ = {
			isa = PBXResourcesBuildPhase;
			buildActionMask = 2147483647;
			files = (
				117DF880206D266D009791A4 /* LaunchScreen.storyboard in Resources */,
				117DF87D206D266D009791A4 /* Assets.xcassets in Resources */,
				117DF87B206D266D009791A4 /* Main.storyboard in Resources */,
			);
			runOnlyForDeploymentPostprocessing = 0;
		};
/* End PBXResourcesBuildPhase section */

/* Begin PBXSourcesBuildPhase section */
		117DF86E206D266D009791A4 /* Sources */ = {
			isa = PBXSourcesBuildPhase;
			buildActionMask = 2147483647;
			files = (
				11797E592082497D006672BB /* CategoryViewController.swift in Sources */,
				117DF878206D266D009791A4 /* ToDoListViewController.swift in Sources */,
				11797E36207D4532006672BB /* DataModel.xcdatamodeld in Sources */,
				117DF876206D266D009791A4 /* AppDelegate.swift in Sources */,
			);
			runOnlyForDeploymentPostprocessing = 0;
		};
/* End PBXSourcesBuildPhase section */

/* Begin PBXVariantGroup section */
		117DF879206D266D009791A4 /* Main.storyboard */ = {
			isa = PBXVariantGroup;
			children = (
				117DF87A206D266D009791A4 /* Base */,
			);
			name = Main.storyboard;
			sourceTree = "<group>";
		};
		117DF87E206D266D009791A4 /* LaunchScreen.storyboard */ = {
			isa = PBXVariantGroup;
			children = (
				117DF87F206D266D009791A4 /* Base */,
			);
			name = LaunchScreen.storyboard;
			sourceTree = "<group>";
		};
/* End PBXVariantGroup section */

/* Begin XCBuildConfiguration section */
		117DF882206D266D009791A4 /* Debug */ = {
			isa = XCBuildConfiguration;
			buildSettings = {
				ALWAYS_SEARCH_USER_PATHS = NO;
				CLANG_ANALYZER_NONNULL = YES;
				CLANG_ANALYZER_NUMBER_OBJECT_CONVERSION = YES_AGGRESSIVE;
				CLANG_CXX_LANGUAGE_STANDARD = "gnu++14";
				CLANG_CXX_LIBRARY = "libc++";
				CLANG_ENABLE_MODULES = YES;
				CLANG_ENABLE_OBJC_ARC = YES;
				CLANG_WARN_BLOCK_CAPTURE_AUTORELEASING = YES;
				CLANG_WARN_BOOL_CONVERSION = YES;
				CLANG_WARN_COMMA = YES;
				CLANG_WARN_CONSTANT_CONVERSION = YES;
				CLANG_WARN_DIRECT_OBJC_ISA_USAGE = YES_ERROR;
				CLANG_WARN_DOCUMENTATION_COMMENTS = YES;
				CLANG_WARN_EMPTY_BODY = YES;
				CLANG_WARN_ENUM_CONVERSION = YES;
				CLANG_WARN_INFINITE_RECURSION = YES;
				CLANG_WARN_INT_CONVERSION = YES;
				CLANG_WARN_NON_LITERAL_NULL_CONVERSION = YES;
				CLANG_WARN_OBJC_LITERAL_CONVERSION = YES;
				CLANG_WARN_OBJC_ROOT_CLASS = YES_ERROR;
				CLANG_WARN_RANGE_LOOP_ANALYSIS = YES;
				CLANG_WARN_STRICT_PROTOTYPES = YES;
				CLANG_WARN_SUSPICIOUS_MOVE = YES;
				CLANG_WARN_UNGUARDED_AVAILABILITY = YES_AGGRESSIVE;
				CLANG_WARN_UNREACHABLE_CODE = YES;
				CLANG_WARN__DUPLICATE_METHOD_MATCH = YES;
				CODE_SIGN_IDENTITY = "iPhone Developer";
				COPY_PHASE_STRIP = NO;
				DEBUG_INFORMATION_FORMAT = dwarf;
				ENABLE_STRICT_OBJC_MSGSEND = YES;
				ENABLE_TESTABILITY = YES;
				GCC_C_LANGUAGE_STANDARD = gnu11;
				GCC_DYNAMIC_NO_PIC = NO;
				GCC_NO_COMMON_BLOCKS = YES;
				GCC_OPTIMIZATION_LEVEL = 0;
				GCC_PREPROCESSOR_DEFINITIONS = (
					"DEBUG=1",
					"$(inherited)",
				);
				GCC_WARN_64_TO_32_BIT_CONVERSION = YES;
				GCC_WARN_ABOUT_RETURN_TYPE = YES_ERROR;
				GCC_WARN_UNDECLARED_SELECTOR = YES;
				GCC_WARN_UNINITIALIZED_AUTOS = YES_AGGRESSIVE;
				GCC_WARN_UNUSED_FUNCTION = YES;
				GCC_WARN_UNUSED_VARIABLE = YES;
				IPHONEOS_DEPLOYMENT_TARGET = 11.2;
				MTL_ENABLE_DEBUG_INFO = YES;
				ONLY_ACTIVE_ARCH = YES;
				SDKROOT = iphoneos;
				SWIFT_ACTIVE_COMPILATION_CONDITIONS = DEBUG;
				SWIFT_OPTIMIZATION_LEVEL = "-Onone";
			};
			name = Debug;
		};
		117DF883206D266D009791A4 /* Release */ = {
			isa = XCBuildConfiguration;
			buildSettings = {
				ALWAYS_SEARCH_USER_PATHS = NO;
				CLANG_ANALYZER_NONNULL = YES;
				CLANG_ANALYZER_NUMBER_OBJECT_CONVERSION = YES_AGGRESSIVE;
				CLANG_CXX_LANGUAGE_STANDARD = "gnu++14";
				CLANG_CXX_LIBRARY = "libc++";
				CLANG_ENABLE_MODULES = YES;
				CLANG_ENABLE_OBJC_ARC = YES;
				CLANG_WARN_BLOCK_CAPTURE_AUTORELEASING = YES;
				CLANG_WARN_BOOL_CONVERSION = YES;
				CLANG_WARN_COMMA = YES;
				CLANG_WARN_CONSTANT_CONVERSION = YES;
				CLANG_WARN_DIRECT_OBJC_ISA_USAGE = YES_ERROR;
				CLANG_WARN_DOCUMENTATION_COMMENTS = YES;
				CLANG_WARN_EMPTY_BODY = YES;
				CLANG_WARN_ENUM_CONVERSION = YES;
				CLANG_WARN_INFINITE_RECURSION = YES;
				CLANG_WARN_INT_CONVERSION = YES;
				CLANG_WARN_NON_LITERAL_NULL_CONVERSION = YES;
				CLANG_WARN_OBJC_LITERAL_CONVERSION = YES;
				CLANG_WARN_OBJC_ROOT_CLASS = YES_ERROR;
				CLANG_WARN_RANGE_LOOP_ANALYSIS = YES;
				CLANG_WARN_STRICT_PROTOTYPES = YES;
				CLANG_WARN_SUSPICIOUS_MOVE = YES;
				CLANG_WARN_UNGUARDED_AVAILABILITY = YES_AGGRESSIVE;
				CLANG_WARN_UNREACHABLE_CODE = YES;
				CLANG_WARN__DUPLICATE_METHOD_MATCH = YES;
				CODE_SIGN_IDENTITY = "iPhone Developer";
				COPY_PHASE_STRIP = NO;
				DEBUG_INFORMATION_FORMAT = "dwarf-with-dsym";
				ENABLE_NS_ASSERTIONS = NO;
				ENABLE_STRICT_OBJC_MSGSEND = YES;
				GCC_C_LANGUAGE_STANDARD = gnu11;
				GCC_NO_COMMON_BLOCKS = YES;
				GCC_WARN_64_TO_32_BIT_CONVERSION = YES;
				GCC_WARN_ABOUT_RETURN_TYPE = YES_ERROR;
				GCC_WARN_UNDECLARED_SELECTOR = YES;
				GCC_WARN_UNINITIALIZED_AUTOS = YES_AGGRESSIVE;
				GCC_WARN_UNUSED_FUNCTION = YES;
				GCC_WARN_UNUSED_VARIABLE = YES;
				IPHONEOS_DEPLOYMENT_TARGET = 11.2;
				MTL_ENABLE_DEBUG_INFO = NO;
				SDKROOT = iphoneos;
				SWIFT_OPTIMIZATION_LEVEL = "-Owholemodule";
				VALIDATE_PRODUCT = YES;
			};
			name = Release;
		};
		117DF885206D266D009791A4 /* Debug */ = {
			isa = XCBuildConfiguration;
			buildSettings = {
				ASSETCATALOG_COMPILER_APPICON_NAME = AppIcon;
				CODE_SIGN_STYLE = Automatic;
				DEVELOPMENT_TEAM = MV4SJY2N5Z;
				INFOPLIST_FILE = Assessments/Info.plist;
				LD_RUNPATH_SEARCH_PATHS = "$(inherited) @executable_path/Frameworks";
				PRODUCT_BUNDLE_IDENTIFIER = "com.msk-apps.Assessments";
				PRODUCT_NAME = "$(TARGET_NAME)";
				SWIFT_VERSION = 4.0;
				TARGETED_DEVICE_FAMILY = "1,2";
			};
			name = Debug;
		};
		117DF886206D266D009791A4 /* Release */ = {
			isa = XCBuildConfiguration;
			buildSettings = {
				ASSETCATALOG_COMPILER_APPICON_NAME = AppIcon;
				CODE_SIGN_STYLE = Automatic;
				DEVELOPMENT_TEAM = MV4SJY2N5Z;
				INFOPLIST_FILE = Assessments/Info.plist;
				LD_RUNPATH_SEARCH_PATHS = "$(inherited) @executable_path/Frameworks";
				PRODUCT_BUNDLE_IDENTIFIER = "com.msk-apps.Assessments";
				PRODUCT_NAME = "$(TARGET_NAME)";
				SWIFT_VERSION = 4.0;
				TARGETED_DEVICE_FAMILY = "1,2";
			};
			name = Release;
		};
/* End XCBuildConfiguration section */

/* Begin XCConfigurationList section */
		117DF86D206D266D009791A4 /* Build configuration list for PBXProject "Assessments" */ = {
			isa = XCConfigurationList;
			buildConfigurations = (
				117DF882206D266D009791A4 /* Debug */,
				117DF883206D266D009791A4 /* Release */,
			);
			defaultConfigurationIsVisible = 0;
			defaultConfigurationName = Release;
		};
		117DF884206D266D009791A4 /* Build configuration list for PBXNativeTarget "Assessments" */ = {
			isa = XCConfigurationList;
			buildConfigurations = (
				117DF885206D266D009791A4 /* Debug */,
				117DF886206D266D009791A4 /* Release */,
			);
			defaultConfigurationIsVisible = 0;
			defaultConfigurationName = Release;
		};
/* End XCConfigurationList section */

/* Begin XCVersionGroup section */
		11797E34207D4532006672BB /* DataModel.xcdatamodeld */ = {
			isa = XCVersionGroup;
			children = (
				11797E35207D4532006672BB /* DataModel.xcdatamodel */,
			);
			currentVersion = 11797E35207D4532006672BB /* DataModel.xcdatamodel */;
			path = DataModel.xcdatamodeld;
			sourceTree = "<group>";
			versionGroupType = wrapper.xcdatamodel;
		};
/* End XCVersionGroup section */
	};
	rootObject = 117DF86A206D266D009791A4 /* Project object */;
}
